
Microsoft Visual Studio Solution File, Format Version 12.00
# Visual Studio 15
VisualStudioVersion = 15.0.28307.271
MinimumVisualStudioVersion = 10.0.40219.1
Project("{FAE04EC0-301F-11D3-BF4B-00C04F79EFBC}") = "AllInOne", "AllInOne.csproj", "{C18F1D50-DFC4-4762-8E83-6D2B3DBCE6FC}"
EndProject
Global
	GlobalSection(SolutionConfigurationPlatforms) = preSolution
		Debug|Any CPU = Debug|Any CPU
		Release|Any CPU = Release|Any CPU
	EndGlobalSection
	GlobalSection(ProjectConfigurationPlatforms) = postSolution
		{C18F1D50-DFC4-4762-8E83-6D2B3DBCE6FC}.Debug|Any CPU.ActiveCfg = Debug|Any CPU
		{C18F1D50-DFC4-4762-8E83-6D2B3DBCE6FC}.Debug|Any CPU.Build.0 = Debug|Any CPU
		{C18F1D50-DFC4-4762-8E83-6D2B3DBCE6FC}.Release|Any CPU.ActiveCfg = Release|Any CPU
		{C18F1D50-DFC4-4762-8E83-6D2B3DBCE6FC}.Release|Any CPU.Build.0 = Release|Any CPU
	EndGlobalSection
	GlobalSection(SolutionProperties) = preSolution
		HideSolutionNode = FALSE
	EndGlobalSection
	GlobalSection(ExtensibilityGlobals) = postSolution
		SolutionGuid = {78547DDF-1811-4C46-A14C-E1D400A93654}
	EndGlobalSection
EndGlobal
